
Microsoft Visual Studio Solution File, Format Version 12.00
# Visual Studio Version 16
VisualStudioVersion = 16.0.28922.388
MinimumVisualStudioVersion = 10.0.40219.1
Project("{FAE04EC0-301F-11D3-BF4B-00C04F79EFBC}") = "AP-CA", "AP-CA\AP-CA.csproj", "{589C99D2-2193-48DC-B235-1A495C66ECB9}"
EndProject
Global
	GlobalSection(SolutionConfigurationPlatforms) = preSolution
		Debug|Any CPU = Debug|Any CPU
		Release|Any CPU = Release|Any CPU
	EndGlobalSection
	GlobalSection(ProjectConfigurationPlatforms) = postSolution
		{589C99D2-2193-48DC-B235-1A495C66ECB9}.Debug|Any CPU.ActiveCfg = Debug|Any CPU
		{589C99D2-2193-48DC-B235-1A495C66ECB9}.Debug|Any CPU.Build.0 = Debug|Any CPU
		{589C99D2-2193-48DC-B235-1A495C66ECB9}.Release|Any CPU.ActiveCfg = Release|Any CPU
		{589C99D2-2193-48DC-B235-1A495C66ECB9}.Release|Any CPU.Build.0 = Release|Any CPU
	EndGlobalSection
	GlobalSection(SolutionProperties) = preSolution
		HideSolutionNode = FALSE
	EndGlobalSection
	GlobalSection(ExtensibilityGlobals) = postSolution
		SolutionGuid = {174F06AA-6553-40E5-B757-E74667009CCA}
	EndGlobalSection
EndGlobal
